
Microsoft Visual Studio Solution File, Format Version 12.00
# Visual Studio Version 16
VisualStudioVersion = 16.0.30717.126
MinimumVisualStudioVersion = 10.0.40219.1
Project("{FAE04EC0-301F-11D3-BF4B-00C04F79EFBC}") = "Core.MVC", "Core.MVC\Core.MVC.csproj", "{987ADF8D-1A92-4148-961C-496B7E53A1BA}"
EndProject
Global
	GlobalSection(SolutionConfigurationPlatforms) = preSolution
		Debug|Any CPU = Debug|Any CPU
		Release|Any CPU = Release|Any CPU
	EndGlobalSection
	GlobalSection(ProjectConfigurationPlatforms) = postSolution
		{987ADF8D-1A92-4148-961C-496B7E53A1BA}.Debug|Any CPU.ActiveCfg = Debug|Any CPU
		{987ADF8D-1A92-4148-961C-496B7E53A1BA}.Debug|Any CPU.Build.0 = Debug|Any CPU
		{987ADF8D-1A92-4148-961C-496B7E53A1BA}.Release|Any CPU.ActiveCfg = Release|Any CPU
		{987ADF8D-1A92-4148-961C-496B7E53A1BA}.Release|Any CPU.Build.0 = Release|Any CPU
	EndGlobalSection
	GlobalSection(SolutionProperties) = preSolution
		HideSolutionNode = FALSE
	EndGlobalSection
	GlobalSection(ExtensibilityGlobals) = postSolution
		SolutionGuid = {BB077DBA-7F81-4EA2-B0BD-6729B15602E5}
	EndGlobalSection
EndGlobal
